// !$*UTF8*$!
{
	archiveVersion = 1;
	classes = {
	};
	objectVersion = 50;
	objects = {

/* Begin PBXBuildFile section */
		02141D8D51BE5B88B676E146 /* Pods_TwitterDemo.framework in Frameworks */ = {isa = PBXBuildFile; fileRef = 39D25C33F367ED51B3BA797A /* Pods_TwitterDemo.framework */; };
		441CC3C4E1B6EFA0CA8A942B /* Pods_TwitterDemoTests.framework in Frameworks */ = {isa = PBXBuildFile; fileRef = 91B535A049DD870330825604 /* Pods_TwitterDemoTests.framework */; };
		4F05CCFC23A386D100CE3752 /* AppDelegate.swift in Sources */ = {isa = PBXBuildFile; fileRef = 4F05CCFB23A386D100CE3752 /* AppDelegate.swift */; };
		4F05CCFE23A386D100CE3752 /* ViewController.swift in Sources */ = {isa = PBXBuildFile; fileRef = 4F05CCFD23A386D100CE3752 /* ViewController.swift */; };
		4F05CD0123A386D100CE3752 /* Main.storyboard in Resources */ = {isa = PBXBuildFile; fileRef = 4F05CCFF23A386D100CE3752 /* Main.storyboard */; };
		4F05CD0323A386D700CE3752 /* Assets.xcassets in Resources */ = {isa = PBXBuildFile; fileRef = 4F05CD0223A386D700CE3752 /* Assets.xcassets */; };
		4F05CD0623A386D700CE3752 /* LaunchScreen.storyboard in Resources */ = {isa = PBXBuildFile; fileRef = 4F05CD0423A386D700CE3752 /* LaunchScreen.storyboard */; };
		4F05CD1123A386D700CE3752 /* TwitterDemoTests.swift in Sources */ = {isa = PBXBuildFile; fileRef = 4F05CD1023A386D700CE3752 /* TwitterDemoTests.swift */; };
		4F05CD1C23A386D700CE3752 /* TwitterDemoUITests.swift in Sources */ = {isa = PBXBuildFile; fileRef = 4F05CD1B23A386D700CE3752 /* TwitterDemoUITests.swift */; };
		58AD71326EFE689481A13B97 /* Pods_TwitterDemoUITests.framework in Frameworks */ = {isa = PBXBuildFile; fileRef = 2DEAC34A78BD44582B4D83EF /* Pods_TwitterDemoUITests.framework */; };
/* End PBXBuildFile section */

/* Begin PBXContainerItemProxy section */
		4F05CD0D23A386D700CE3752 /* PBXContainerItemProxy */ = {
			isa = PBXContainerItemProxy;
			containerPortal = 4F05CCF023A386D100CE3752 /* Project object */;
			proxyType = 1;
			remoteGlobalIDString = 4F05CCF723A386D100CE3752;
			remoteInfo = TwitterDemo;
		};
		4F05CD1823A386D700CE3752 /* PBXContainerItemProxy */ = {
			isa = PBXContainerItemProxy;
			containerPortal = 4F05CCF023A386D100CE3752 /* Project object */;
			proxyType = 1;
			remoteGlobalIDString = 4F05CCF723A386D100CE3752;
			remoteInfo = TwitterDemo;
		};
/* End PBXContainerItemProxy section */

/* Begin PBXFileReference section */
		115DDCDF780D4B818A2CA4D9 /* Pods-TwitterDemoTests.release.xcconfig */ = {isa = PBXFileReference; includeInIndex = 1; lastKnownFileType = text.xcconfig; name = "Pods-TwitterDemoTests.release.xcconfig"; path = "Target Support Files/Pods-TwitterDemoTests/Pods-TwitterDemoTests.release.xcconfig"; sourceTree = "<group>"; };
		1B7621B3EB1D8F7A3683125B /* Pods-TwitterDemoTests.debug.xcconfig */ = {isa = PBXFileReference; includeInIndex = 1; lastKnownFileType = text.xcconfig; name = "Pods-TwitterDemoTests.debug.xcconfig"; path = "Target Support Files/Pods-TwitterDemoTests/Pods-TwitterDemoTests.debug.xcconfig"; sourceTree = "<group>"; };
		2DEAC34A78BD44582B4D83EF /* Pods_TwitterDemoUITests.framework */ = {isa = PBXFileReference; explicitFileType = wrapper.framework; includeInIndex = 0; path = Pods_TwitterDemoUITests.framework; sourceTree = BUILT_PRODUCTS_DIR; };
		39D25C33F367ED51B3BA797A /* Pods_TwitterDemo.framework */ = {isa = PBXFileReference; explicitFileType = wrapper.framework; includeInIndex = 0; path = Pods_TwitterDemo.framework; sourceTree = BUILT_PRODUCTS_DIR; };
		4F05CCF823A386D100CE3752 /* TwitterDemo.app */ = {isa = PBXFileReference; explicitFileType = wrapper.application; includeInIndex = 0; path = TwitterDemo.app; sourceTree = BUILT_PRODUCTS_DIR; };
		4F05CCFB23A386D100CE3752 /* AppDelegate.swift */ = {isa = PBXFileReference; lastKnownFileType = sourcecode.swift; path = AppDelegate.swift; sourceTree = "<group>"; };
		4F05CCFD23A386D100CE3752 /* ViewController.swift */ = {isa = PBXFileReference; lastKnownFileType = sourcecode.swift; path = ViewController.swift; sourceTree = "<group>"; };
		4F05CD0023A386D100CE3752 /* Base */ = {isa = PBXFileReference; lastKnownFileType = file.storyboard; name = Base; path = Base.lproj/Main.storyboard; sourceTree = "<group>"; };
		4F05CD0223A386D700CE3752 /* Assets.xcassets */ = {isa = PBXFileReference; lastKnownFileType = folder.assetcatalog; path = Assets.xcassets; sourceTree = "<group>"; };
		4F05CD0523A386D700CE3752 /* Base */ = {isa = PBXFileReference; lastKnownFileType = file.storyboard; name = Base; path = Base.lproj/LaunchScreen.storyboard; sourceTree = "<group>"; };
		4F05CD0723A386D700CE3752 /* Info.plist */ = {isa = PBXFileReference; lastKnownFileType = text.plist.xml; path = Info.plist; sourceTree = "<group>"; };
		4F05CD0C23A386D700CE3752 /* TwitterDemoTests.xctest */ = {isa = PBXFileReference; explicitFileType = wrapper.cfbundle; includeInIndex = 0; path = TwitterDemoTests.xctest; sourceTree = BUILT_PRODUCTS_DIR; };
		4F05CD1023A386D700CE3752 /* TwitterDemoTests.swift */ = {isa = PBXFileReference; lastKnownFileType = sourcecode.swift; path = TwitterDemoTests.swift; sourceTree = "<group>"; };
		4F05CD1223A386D700CE3752 /* Info.plist */ = {isa = PBXFileReference; lastKnownFileType = text.plist.xml; path = Info.plist; sourceTree = "<group>"; };
		4F05CD1723A386D700CE3752 /* TwitterDemoUITests.xctest */ = {isa = PBXFileReference; explicitFileType = wrapper.cfbundle; includeInIndex = 0; path = TwitterDemoUITests.xctest; sourceTree = BUILT_PRODUCTS_DIR; };
		4F05CD1B23A386D700CE3752 /* TwitterDemoUITests.swift */ = {isa = PBXFileReference; lastKnownFileType = sourcecode.swift; path = TwitterDemoUITests.swift; sourceTree = "<group>"; };
		4F05CD1D23A386D700CE3752 /* Info.plist */ = {isa = PBXFileReference; lastKnownFileType = text.plist.xml; path = Info.plist; sourceTree = "<group>"; };
		60DEBB89F45BE5BF2411E98F /* Pods-TwitterDemo.debug.xcconfig */ = {isa = PBXFileReference; includeInIndex = 1; lastKnownFileType = text.xcconfig; name = "Pods-TwitterDemo.debug.xcconfig"; path = "Target Support Files/Pods-TwitterDemo/Pods-TwitterDemo.debug.xcconfig"; sourceTree = "<group>"; };
		844C1514D6281648618870F2 /* Pods-TwitterDemoUITests.release.xcconfig */ = {isa = PBXFileReference; includeInIndex = 1; lastKnownFileType = text.xcconfig; name = "Pods-TwitterDemoUITests.release.xcconfig"; path = "Target Support Files/Pods-TwitterDemoUITests/Pods-TwitterDemoUITests.release.xcconfig"; sourceTree = "<group>"; };
		91B535A049DD870330825604 /* Pods_TwitterDemoTests.framework */ = {isa = PBXFileReference; explicitFileType = wrapper.framework; includeInIndex = 0; path = Pods_TwitterDemoTests.framework; sourceTree = BUILT_PRODUCTS_DIR; };
		C3DB46C273894CC1664E3C17 /* Pods-TwitterDemo.release.xcconfig */ = {isa = PBXFileReference; includeInIndex = 1; lastKnownFileType = text.xcconfig; name = "Pods-TwitterDemo.release.xcconfig"; path = "Target Support Files/Pods-TwitterDemo/Pods-TwitterDemo.release.xcconfig"; sourceTree = "<group>"; };
		EF3F34E21E99C16DB989CC7E /* Pods-TwitterDemoUITests.debug.xcconfig */ = {isa = PBXFileReference; includeInIndex = 1; lastKnownFileType = text.xcconfig; name = "Pods-TwitterDemoUITests.debug.xcconfig"; path = "Target Support Files/Pods-TwitterDemoUITests/Pods-TwitterDemoUITests.debug.xcconfig"; sourceTree = "<group>"; };
/* End PBXFileReference section */

/* Begin PBXFrameworksBuildPhase section */
		4F05CCF523A386D100CE3752 /* Frameworks */ = {
			isa = PBXFrameworksBuildPhase;
			buildActionMask = 2147483647;
			files = (
				02141D8D51BE5B88B676E146 /* Pods_TwitterDemo.framework in Frameworks */,
			);
			runOnlyForDeploymentPostprocessing = 0;
		};
		4F05CD0923A386D700CE3752 /* Frameworks */ = {
			isa = PBXFrameworksBuildPhase;
			buildActionMask = 2147483647;
			files = (
				441CC3C4E1B6EFA0CA8A942B /* Pods_TwitterDemoTests.framework in Frameworks */,
			);
			runOnlyForDeploymentPostprocessing = 0;
		};
		4F05CD1423A386D700CE3752 /* Frameworks */ = {
			isa = PBXFrameworksBuildPhase;
			buildActionMask = 2147483647;
			files = (
				58AD71326EFE689481A13B97 /* Pods_TwitterDemoUITests.framework in Frameworks */,
			);
			runOnlyForDeploymentPostprocessing = 0;
		};
/* End PBXFrameworksBuildPhase section */

/* Begin PBXGroup section */
		38057A148CAD765399D6DDED /* Pods */ = {
			isa = PBXGroup;
			children = (
				60DEBB89F45BE5BF2411E98F /* Pods-TwitterDemo.debug.xcconfig */,
				C3DB46C273894CC1664E3C17 /* Pods-TwitterDemo.release.xcconfig */,
				1B7621B3EB1D8F7A3683125B /* Pods-TwitterDemoTests.debug.xcconfig */,
				115DDCDF780D4B818A2CA4D9 /* Pods-TwitterDemoTests.release.xcconfig */,
				EF3F34E21E99C16DB989CC7E /* Pods-TwitterDemoUITests.debug.xcconfig */,
				844C1514D6281648618870F2 /* Pods-TwitterDemoUITests.release.xcconfig */,
			);
			name = Pods;
			path = Pods;
			sourceTree = "<group>";
		};
		4F05CCEF23A386D100CE3752 = {
			isa = PBXGroup;
			children = (
				4F05CCFA23A386D100CE3752 /* TwitterDemo */,
				4F05CD0F23A386D700CE3752 /* TwitterDemoTests */,
				4F05CD1A23A386D700CE3752 /* TwitterDemoUITests */,
				4F05CCF923A386D100CE3752 /* Products */,
				38057A148CAD765399D6DDED /* Pods */,
				5926DF91C44BB8431C9F1C42 /* Frameworks */,
			);
			sourceTree = "<group>";
		};
		4F05CCF923A386D100CE3752 /* Products */ = {
			isa = PBXGroup;
			children = (
				4F05CCF823A386D100CE3752 /* TwitterDemo.app */,
				4F05CD0C23A386D700CE3752 /* TwitterDemoTests.xctest */,
				4F05CD1723A386D700CE3752 /* TwitterDemoUITests.xctest */,
			);
			name = Products;
			sourceTree = "<group>";
		};
		4F05CCFA23A386D100CE3752 /* TwitterDemo */ = {
			isa = PBXGroup;
			children = (
				4F05CCFB23A386D100CE3752 /* AppDelegate.swift */,
				4F05CCFD23A386D100CE3752 /* ViewController.swift */,
				4F05CCFF23A386D100CE3752 /* Main.storyboard */,
				4F05CD0223A386D700CE3752 /* Assets.xcassets */,
				4F05CD0423A386D700CE3752 /* LaunchScreen.storyboard */,
				4F05CD0723A386D700CE3752 /* Info.plist */,
			);
			path = TwitterDemo;
			sourceTree = "<group>";
		};
		4F05CD0F23A386D700CE3752 /* TwitterDemoTests */ = {
			isa = PBXGroup;
			children = (
				4F05CD1023A386D700CE3752 /* TwitterDemoTests.swift */,
				4F05CD1223A386D700CE3752 /* Info.plist */,
			);
			path = TwitterDemoTests;
			sourceTree = "<group>";
		};
		4F05CD1A23A386D700CE3752 /* TwitterDemoUITests */ = {
			isa = PBXGroup;
			children = (
				4F05CD1B23A386D700CE3752 /* TwitterDemoUITests.swift */,
				4F05CD1D23A386D700CE3752 /* Info.plist */,
			);
			path = TwitterDemoUITests;
			sourceTree = "<group>";
		};
		5926DF91C44BB8431C9F1C42 /* Frameworks */ = {
			isa = PBXGroup;
			children = (
				39D25C33F367ED51B3BA797A /* Pods_TwitterDemo.framework */,
				91B535A049DD870330825604 /* Pods_TwitterDemoTests.framework */,
				2DEAC34A78BD44582B4D83EF /* Pods_TwitterDemoUITests.framework */,
			);
			name = Frameworks;
			sourceTree = "<group>";
		};
/* End PBXGroup section */

/* Begin PBXNativeTarget section */
		4F05CCF723A386D100CE3752 /* TwitterDemo */ = {
			isa = PBXNativeTarget;
			buildConfigurationList = 4F05CD2023A386D700CE3752 /* Build configuration list for PBXNativeTarget "TwitterDemo" */;
			buildPhases = (
				32741259C436C8AC0D8F81F7 /* [CP] Check Pods Manifest.lock */,
				4F05CCF423A386D100CE3752 /* Sources */,
				4F05CCF523A386D100CE3752 /* Frameworks */,
				4F05CCF623A386D100CE3752 /* Resources */,
				AAEB2388C9DEE209DF155AB1 /* [CP] Embed Pods Frameworks */,
				9C819987865402FCD469E866 /* [CP] Copy Pods Resources */,
			);
			buildRules = (
			);
			dependencies = (
			);
			name = TwitterDemo;
			productName = TwitterDemo;
			productReference = 4F05CCF823A386D100CE3752 /* TwitterDemo.app */;
			productType = "com.apple.product-type.application";
		};
		4F05CD0B23A386D700CE3752 /* TwitterDemoTests */ = {
			isa = PBXNativeTarget;
			buildConfigurationList = 4F05CD2323A386D700CE3752 /* Build configuration list for PBXNativeTarget "TwitterDemoTests" */;
			buildPhases = (
				B1350199ABBA1EE45E869AA1 /* [CP] Check Pods Manifest.lock */,
				4F05CD0823A386D700CE3752 /* Sources */,
				4F05CD0923A386D700CE3752 /* Frameworks */,
				4F05CD0A23A386D700CE3752 /* Resources */,
			);
			buildRules = (
			);
			dependencies = (
				4F05CD0E23A386D700CE3752 /* PBXTargetDependency */,
			);
			name = TwitterDemoTests;
			productName = TwitterDemoTests;
			productReference = 4F05CD0C23A386D700CE3752 /* TwitterDemoTests.xctest */;
			productType = "com.apple.product-type.bundle.unit-test";
		};
		4F05CD1623A386D700CE3752 /* TwitterDemoUITests */ = {
			isa = PBXNativeTarget;
			buildConfigurationList = 4F05CD2623A386D700CE3752 /* Build configuration list for PBXNativeTarget "TwitterDemoUITests" */;
			buildPhases = (
				8AF9A11191260A080D32DB4B /* [CP] Check Pods Manifest.lock */,
				4F05CD1323A386D700CE3752 /* Sources */,
				4F05CD1423A386D700CE3752 /* Frameworks */,
				4F05CD1523A386D700CE3752 /* Resources */,
			);
			buildRules = (
			);
			dependencies = (
				4F05CD1923A386D700CE3752 /* PBXTargetDependency */,
			);
			name = TwitterDemoUITests;
			productName = TwitterDemoUITests;
			productReference = 4F05CD1723A386D700CE3752 /* TwitterDemoUITests.xctest */;
			productType = "com.apple.product-type.bundle.ui-testing";
		};
/* End PBXNativeTarget section */

/* Begin PBXProject section */
		4F05CCF023A386D100CE3752 /* Project object */ = {
			isa = PBXProject;
			attributes = {
				LastSwiftUpdateCheck = 1020;
				LastUpgradeCheck = 1020;
				ORGANIZATIONNAME = "call soft";
				TargetAttributes = {
					4F05CCF723A386D100CE3752 = {
						CreatedOnToolsVersion = 10.2;
					};
					4F05CD0B23A386D700CE3752 = {
						CreatedOnToolsVersion = 10.2;
						TestTargetID = 4F05CCF723A386D100CE3752;
					};
					4F05CD1623A386D700CE3752 = {
						CreatedOnToolsVersion = 10.2;
						TestTargetID = 4F05CCF723A386D100CE3752;
					};
				};
			};
			buildConfigurationList = 4F05CCF323A386D100CE3752 /* Build configuration list for PBXProject "TwitterDemo" */;
			compatibilityVersion = "Xcode 9.3";
			developmentRegion = en;
			hasScannedForEncodings = 0;
			knownRegions = (
				en,
				Base,
			);
			mainGroup = 4F05CCEF23A386D100CE3752;
			productRefGroup = 4F05CCF923A386D100CE3752 /* Products */;
			projectDirPath = "";
			projectRoot = "";
			targets = (
				4F05CCF723A386D100CE3752 /* TwitterDemo */,
				4F05CD0B23A386D700CE3752 /* TwitterDemoTests */,
				4F05CD1623A386D700CE3752 /* TwitterDemoUITests */,
			);
		};
/* End PBXProject section */

/* Begin PBXResourcesBuildPhase section */
		4F05CCF623A386D100CE3752 /* Resources */ = {
			isa = PBXResourcesBuildPhase;
			buildActionMask = 2147483647;
			files = (
				4F05CD0623A386D700CE3752 /* LaunchScreen.storyboard in Resources */,
				4F05CD0323A386D700CE3752 /* Assets.xcassets in Resources */,
				4F05CD0123A386D100CE3752 /* Main.storyboard in Resources */,
			);
			runOnlyForDeploymentPostprocessing = 0;
		};
		4F05CD0A23A386D700CE3752 /* Resources */ = {
			isa = PBXResourcesBuildPhase;
			buildActionMask = 2147483647;
			files = (
			);
			runOnlyForDeploymentPostprocessing = 0;
		};
		4F05CD1523A386D700CE3752 /* Resources */ = {
			isa = PBXResourcesBuildPhase;
			buildActionMask = 2147483647;
			files = (
			);
			runOnlyForDeploymentPostprocessing = 0;
		};
/* End PBXResourcesBuildPhase section */

/* Begin PBXShellScriptBuildPhase section */
		32741259C436C8AC0D8F81F7 /* [CP] Check Pods Manifest.lock */ = {
			isa = PBXShellScriptBuildPhase;
			buildActionMask = 2147483647;
			files = (
			);
			inputFileListPaths = (
			);
			inputPaths = (
				"${PODS_PODFILE_DIR_PATH}/Podfile.lock",
				"${PODS_ROOT}/Manifest.lock",
			);
			name = "[CP] Check Pods Manifest.lock";
			outputFileListPaths = (
			);
			outputPaths = (
				"$(DERIVED_FILE_DIR)/Pods-TwitterDemo-checkManifestLockResult.txt",
			);
			runOnlyForDeploymentPostprocessing = 0;
			shellPath = /bin/sh;
			shellScript = "diff \"${PODS_PODFILE_DIR_PATH}/Podfile.lock\" \"${PODS_ROOT}/Manifest.lock\" > /dev/null\nif [ $? != 0 ] ; then\n    # print error to STDERR\n    echo \"error: The sandbox is not in sync with the Podfile.lock. Run 'pod install' or update your CocoaPods installation.\" >&2\n    exit 1\nfi\n# This output is used by Xcode 'outputs' to avoid re-running this script phase.\necho \"SUCCESS\" > \"${SCRIPT_OUTPUT_FILE_0}\"\n";
			showEnvVarsInLog = 0;
		};
		8AF9A11191260A080D32DB4B /* [CP] Check Pods Manifest.lock */ = {
			isa = PBXShellScriptBuildPhase;
			buildActionMask = 2147483647;
			files = (
			);
			inputFileListPaths = (
			);
			inputPaths = (
				"${PODS_PODFILE_DIR_PATH}/Podfile.lock",
				"${PODS_ROOT}/Manifest.lock",
			);
			name = "[CP] Check Pods Manifest.lock";
			outputFileListPaths = (
			);
			outputPaths = (
				"$(DERIVED_FILE_DIR)/Pods-TwitterDemoUITests-checkManifestLockResult.txt",
			);
			runOnlyForDeploymentPostprocessing = 0;
			shellPath = /bin/sh;
			shellScript = "diff \"${PODS_PODFILE_DIR_PATH}/Podfile.lock\" \"${PODS_ROOT}/Manifest.lock\" > /dev/null\nif [ $? != 0 ] ; then\n    # print error to STDERR\n    echo \"error: The sandbox is not in sync with the Podfile.lock. Run 'pod install' or update your CocoaPods installation.\" >&2\n    exit 1\nfi\n# This output is used by Xcode 'outputs' to avoid re-running this script phase.\necho \"SUCCESS\" > \"${SCRIPT_OUTPUT_FILE_0}\"\n";
			showEnvVarsInLog = 0;
		};
		9C819987865402FCD469E866 /* [CP] Copy Pods Resources */ = {
			isa = PBXShellScriptBuildPhase;
			buildActionMask = 2147483647;
			files = (
			);
			inputFileListPaths = (
				"${PODS_ROOT}/Target Support Files/Pods-TwitterDemo/Pods-TwitterDemo-resources-${CONFIGURATION}-input-files.xcfilelist",
			);
			name = "[CP] Copy Pods Resources";
			outputFileListPaths = (
				"${PODS_ROOT}/Target Support Files/Pods-TwitterDemo/Pods-TwitterDemo-resources-${CONFIGURATION}-output-files.xcfilelist",
			);
			runOnlyForDeploymentPostprocessing = 0;
			shellPath = /bin/sh;
			shellScript = "\"${PODS_ROOT}/Target Support Files/Pods-TwitterDemo/Pods-TwitterDemo-resources.sh\"\n";
			showEnvVarsInLog = 0;
		};
		AAEB2388C9DEE209DF155AB1 /* [CP] Embed Pods Frameworks */ = {
			isa = PBXShellScriptBuildPhase;
			buildActionMask = 2147483647;
			files = (
			);
			inputFileListPaths = (
				"${PODS_ROOT}/Target Support Files/Pods-TwitterDemo/Pods-TwitterDemo-frameworks-${CONFIGURATION}-input-files.xcfilelist",
			);
			name = "[CP] Embed Pods Frameworks";
			outputFileListPaths = (
				"${PODS_ROOT}/Target Support Files/Pods-TwitterDemo/Pods-TwitterDemo-frameworks-${CONFIGURATION}-output-files.xcfilelist",
			);
			runOnlyForDeploymentPostprocessing = 0;
			shellPath = /bin/sh;
			shellScript = "\"${PODS_ROOT}/Target Support Files/Pods-TwitterDemo/Pods-TwitterDemo-frameworks.sh\"\n";
			showEnvVarsInLog = 0;
		};
		B1350199ABBA1EE45E869AA1 /* [CP] Check Pods Manifest.lock */ = {
			isa = PBXShellScriptBuildPhase;
			buildActionMask = 2147483647;
			files = (
			);
			inputFileListPaths = (
			);
			inputPaths = (
				"${PODS_PODFILE_DIR_PATH}/Podfile.lock",
				"${PODS_ROOT}/Manifest.lock",
			);
			name = "[CP] Check Pods Manifest.lock";
			outputFileListPaths = (
			);
			outputPaths = (
				"$(DERIVED_FILE_DIR)/Pods-TwitterDemoTests-checkManifestLockResult.txt",
			);
			runOnlyForDeploymentPostprocessing = 0;
			shellPath = /bin/sh;
			shellScript = "diff \"${PODS_PODFILE_DIR_PATH}/Podfile.lock\" \"${PODS_ROOT}/Manifest.lock\" > /dev/null\nif [ $? != 0 ] ; then\n    # print error to STDERR\n    echo \"error: The sandbox is not in sync with the Podfile.lock. Run 'pod install' or update your CocoaPods installation.\" >&2\n    exit 1\nfi\n# This output is used by Xcode 'outputs' to avoid re-running this script phase.\necho \"SUCCESS\" > \"${SCRIPT_OUTPUT_FILE_0}\"\n";
			showEnvVarsInLog = 0;
		};
/* End PBXShellScriptBuildPhase section */

/* Begin PBXSourcesBuildPhase section */
		4F05CCF423A386D100CE3752 /* Sources */ = {
			isa = PBXSourcesBuildPhase;
			buildActionMask = 2147483647;
			files = (
				4F05CCFE23A386D100CE3752 /* ViewController.swift in Sources */,
				4F05CCFC23A386D100CE3752 /* AppDelegate.swift in Sources */,
			);
			runOnlyForDeploymentPostprocessing = 0;
		};
		4F05CD0823A386D700CE3752 /* Sources */ = {
			isa = PBXSourcesBuildPhase;
			buildActionMask = 2147483647;
			files = (
				4F05CD1123A386D700CE3752 /* TwitterDemoTests.swift in Sources */,
			);
			runOnlyForDeploymentPostprocessing = 0;
		};
		4F05CD1323A386D700CE3752 /* Sources */ = {
			isa = PBXSourcesBuildPhase;
			buildActionMask = 2147483647;
			files = (
				4F05CD1C23A386D700CE3752 /* TwitterDemoUITests.swift in Sources */,
			);
			runOnlyForDeploymentPostprocessing = 0;
		};
/* End PBXSourcesBuildPhase section */

/* Begin PBXTargetDependency section */
		4F05CD0E23A386D700CE3752 /* PBXTargetDependency */ = {
			isa = PBXTargetDependency;
			target = 4F05CCF723A386D100CE3752 /* TwitterDemo */;
			targetProxy = 4F05CD0D23A386D700CE3752 /* PBXContainerItemProxy */;
		};
		4F05CD1923A386D700CE3752 /* PBXTargetDependency */ = {
			isa = PBXTargetDependency;
			target = 4F05CCF723A386D100CE3752 /* TwitterDemo */;
			targetProxy = 4F05CD1823A386D700CE3752 /* PBXContainerItemProxy */;
		};
/* End PBXTargetDependency section */

/* Begin PBXVariantGroup section */
		4F05CCFF23A386D100CE3752 /* Main.storyboard */ = {
			isa = PBXVariantGroup;
			children = (
				4F05CD0023A386D100CE3752 /* Base */,
			);
			name = Main.storyboard;
			sourceTree = "<group>";
		};
		4F05CD0423A386D700CE3752 /* LaunchScreen.storyboard */ = {
			isa = PBXVariantGroup;
			children = (
				4F05CD0523A386D700CE3752 /* Base */,
			);
			name = LaunchScreen.storyboard;
			sourceTree = "<group>";
		};
/* End PBXVariantGroup section */

/* Begin XCBuildConfiguration section */
		4F05CD1E23A386D700CE3752 /* Debug */ = {
			isa = XCBuildConfiguration;
			buildSettings = {
				ALWAYS_SEARCH_USER_PATHS = NO;
				CLANG_ANALYZER_NONNULL = YES;
				CLANG_ANALYZER_NUMBER_OBJECT_CONVERSION = YES_AGGRESSIVE;
				CLANG_CXX_LANGUAGE_STANDARD = "gnu++14";
				CLANG_CXX_LIBRARY = "libc++";
				CLANG_ENABLE_MODULES = YES;
				CLANG_ENABLE_OBJC_ARC = YES;
				CLANG_ENABLE_OBJC_WEAK = YES;
				CLANG_WARN_BLOCK_CAPTURE_AUTORELEASING = YES;
				CLANG_WARN_BOOL_CONVERSION = YES;
				CLANG_WARN_COMMA = YES;
				CLANG_WARN_CONSTANT_CONVERSION = YES;
				CLANG_WARN_DEPRECATED_OBJC_IMPLEMENTATIONS = YES;
				CLANG_WARN_DIRECT_OBJC_ISA_USAGE = YES_ERROR;
				CLANG_WARN_DOCUMENTATION_COMMENTS = YES;
				CLANG_WARN_EMPTY_BODY = YES;
				CLANG_WARN_ENUM_CONVERSION = YES;
				CLANG_WARN_INFINITE_RECURSION = YES;
				CLANG_WARN_INT_CONVERSION = YES;
				CLANG_WARN_NON_LITERAL_NULL_CONVERSION = YES;
				CLANG_WARN_OBJC_IMPLICIT_RETAIN_SELF = YES;
				CLANG_WARN_OBJC_LITERAL_CONVERSION = YES;
				CLANG_WARN_OBJC_ROOT_CLASS = YES_ERROR;
				CLANG_WARN_RANGE_LOOP_ANALYSIS = YES;
				CLANG_WARN_STRICT_PROTOTYPES = YES;
				CLANG_WARN_SUSPICIOUS_MOVE = YES;
				CLANG_WARN_UNGUARDED_AVAILABILITY = YES_AGGRESSIVE;
				CLANG_WARN_UNREACHABLE_CODE = YES;
				CLANG_WARN__DUPLICATE_METHOD_MATCH = YES;
				CODE_SIGN_IDENTITY = "iPhone Developer";
				COPY_PHASE_STRIP = NO;
				DEBUG_INFORMATION_FORMAT = dwarf;
				ENABLE_STRICT_OBJC_MSGSEND = YES;
				ENABLE_TESTABILITY = YES;
				GCC_C_LANGUAGE_STANDARD = gnu11;
				GCC_DYNAMIC_NO_PIC = NO;
				GCC_NO_COMMON_BLOCKS = YES;
				GCC_OPTIMIZATION_LEVEL = 0;
				GCC_PREPROCESSOR_DEFINITIONS = (
					"DEBUG=1",
					"$(inherited)",
				);
				GCC_WARN_64_TO_32_BIT_CONVERSION = YES;
				GCC_WARN_ABOUT_RETURN_TYPE = YES_ERROR;
				GCC_WARN_UNDECLARED_SELECTOR = YES;
				GCC_WARN_UNINITIALIZED_AUTOS = YES_AGGRESSIVE;
				GCC_WARN_UNUSED_FUNCTION = YES;
				GCC_WARN_UNUSED_VARIABLE = YES;
				IPHONEOS_DEPLOYMENT_TARGET = 12.2;
				MTL_ENABLE_DEBUG_INFO = INCLUDE_SOURCE;
				MTL_FAST_MATH = YES;
				ONLY_ACTIVE_ARCH = YES;
				SDKROOT = iphoneos;
				SWIFT_ACTIVE_COMPILATION_CONDITIONS = DEBUG;
				SWIFT_OPTIMIZATION_LEVEL = "-Onone";
			};
			name = Debug;
		};
		4F05CD1F23A386D700CE3752 /* Release */ = {
			isa = XCBuildConfiguration;
			buildSettings = {
				ALWAYS_SEARCH_USER_PATHS = NO;
				CLANG_ANALYZER_NONNULL = YES;
				CLANG_ANALYZER_NUMBER_OBJECT_CONVERSION = YES_AGGRESSIVE;
				CLANG_CXX_LANGUAGE_STANDARD = "gnu++14";
				CLANG_CXX_LIBRARY = "libc++";
				CLANG_ENABLE_MODULES = YES;
				CLANG_ENABLE_OBJC_ARC = YES;
				CLANG_ENABLE_OBJC_WEAK = YES;
				CLANG_WARN_BLOCK_CAPTURE_AUTORELEASING = YES;
				CLANG_WARN_BOOL_CONVERSION = YES;
				CLANG_WARN_COMMA = YES;
				CLANG_WARN_CONSTANT_CONVERSION = YES;
				CLANG_WARN_DEPRECATED_OBJC_IMPLEMENTATIONS = YES;
				CLANG_WARN_DIRECT_OBJC_ISA_USAGE = YES_ERROR;
				CLANG_WARN_DOCUMENTATION_COMMENTS = YES;
				CLANG_WARN_EMPTY_BODY = YES;
				CLANG_WARN_ENUM_CONVERSION = YES;
				CLANG_WARN_INFINITE_RECURSION = YES;
				CLANG_WARN_INT_CONVERSION = YES;
				CLANG_WARN_NON_LITERAL_NULL_CONVERSION = YES;
				CLANG_WARN_OBJC_IMPLICIT_RETAIN_SELF = YES;
				CLANG_WARN_OBJC_LITERAL_CONVERSION = YES;
				CLANG_WARN_OBJC_ROOT_CLASS = YES_ERROR;
				CLANG_WARN_RANGE_LOOP_ANALYSIS = YES;
				CLANG_WARN_STRICT_PROTOTYPES = YES;
				CLANG_WARN_SUSPICIOUS_MOVE = YES;
				CLANG_WARN_UNGUARDED_AVAILABILITY = YES_AGGRESSIVE;
				CLANG_WARN_UNREACHABLE_CODE = YES;
				CLANG_WARN__DUPLICATE_METHOD_MATCH = YES;
				CODE_SIGN_IDENTITY = "iPhone Developer";
				COPY_PHASE_STRIP = NO;
				DEBUG_INFORMATION_FORMAT = "dwarf-with-dsym";
				ENABLE_NS_ASSERTIONS = NO;
				ENABLE_STRICT_OBJC_MSGSEND = YES;
				GCC_C_LANGUAGE_STANDARD = gnu11;
				GCC_NO_COMMON_BLOCKS = YES;
				GCC_WARN_64_TO_32_BIT_CONVERSION = YES;
				GCC_WARN_ABOUT_RETURN_TYPE = YES_ERROR;
				GCC_WARN_UNDECLARED_SELECTOR = YES;
				GCC_WARN_UNINITIALIZED_AUTOS = YES_AGGRESSIVE;
				GCC_WARN_UNUSED_FUNCTION = YES;
				GCC_WARN_UNUSED_VARIABLE = YES;
				IPHONEOS_DEPLOYMENT_TARGET = 12.2;
				MTL_ENABLE_DEBUG_INFO = NO;
				MTL_FAST_MATH = YES;
				SDKROOT = iphoneos;
				SWIFT_COMPILATION_MODE = wholemodule;
				SWIFT_OPTIMIZATION_LEVEL = "-O";
				VALIDATE_PRODUCT = YES;
			};
			name = Release;
		};
		4F05CD2123A386D700CE3752 /* Debug */ = {
			isa = XCBuildConfiguration;
			baseConfigurationReference = 60DEBB89F45BE5BF2411E98F /* Pods-TwitterDemo.debug.xcconfig */;
			buildSettings = {
				ASSETCATALOG_COMPILER_APPICON_NAME = AppIcon;
				CODE_SIGN_STYLE = Automatic;
				INFOPLIST_FILE = TwitterDemo/Info.plist;
				LD_RUNPATH_SEARCH_PATHS = (
					"$(inherited)",
					"@executable_path/Frameworks",
				);
				PRODUCT_BUNDLE_IDENTIFIER = "com.mobulous-DRNow.TwitterDemo";
				PRODUCT_NAME = "$(TARGET_NAME)";
				SWIFT_VERSION = 5.0;
				TARGETED_DEVICE_FAMILY = "1,2";
			};
			name = Debug;
		};
		4F05CD2223A386D700CE3752 /* Release */ = {
			isa = XCBuildConfiguration;
			baseConfigurationReference = C3DB46C273894CC1664E3C17 /* Pods-TwitterDemo.release.xcconfig */;
			buildSettings = {
				ASSETCATALOG_COMPILER_APPICON_NAME = AppIcon;
				CODE_SIGN_STYLE = Automatic;
				INFOPLIST_FILE = TwitterDemo/Info.plist;
				LD_RUNPATH_SEARCH_PATHS = (
					"$(inherited)",
					"@executable_path/Frameworks",
				);
				PRODUCT_BUNDLE_IDENTIFIER = "com.mobulous-DRNow.TwitterDemo";
				PRODUCT_NAME = "$(TARGET_NAME)";
				SWIFT_VERSION = 5.0;
				TARGETED_DEVICE_FAMILY = "1,2";
			};
			name = Release;
		};
		4F05CD2423A386D700CE3752 /* Debug */ = {
			isa = XCBuildConfiguration;
			baseConfigurationReference = 1B7621B3EB1D8F7A3683125B /* Pods-TwitterDemoTests.debug.xcconfig */;
			buildSettings = {
				ALWAYS_EMBED_SWIFT_STANDARD_LIBRARIES = YES;
				BUNDLE_LOADER = "$(TEST_HOST)";
				CODE_SIGN_STYLE = Automatic;
				INFOPLIST_FILE = TwitterDemoTests/Info.plist;
				LD_RUNPATH_SEARCH_PATHS = (
					"$(inherited)",
					"@executable_path/Frameworks",
					"@loader_path/Frameworks",
				);
				PRODUCT_BUNDLE_IDENTIFIER = "com.mobulous-DRNow.TwitterDemoTests";
				PRODUCT_NAME = "$(TARGET_NAME)";
				SWIFT_VERSION = 5.0;
				TARGETED_DEVICE_FAMILY = "1,2";
				TEST_HOST = "$(BUILT_PRODUCTS_DIR)/TwitterDemo.app/TwitterDemo";
			};
			name = Debug;
		};
		4F05CD2523A386D700CE3752 /* Release */ = {
			isa = XCBuildConfiguration;
			baseConfigurationReference = 115DDCDF780D4B818A2CA4D9 /* Pods-TwitterDemoTests.release.xcconfig */;
			buildSettings = {
				ALWAYS_EMBED_SWIFT_STANDARD_LIBRARIES = YES;
				BUNDLE_LOADER = "$(TEST_HOST)";
				CODE_SIGN_STYLE = Automatic;
				INFOPLIST_FILE = TwitterDemoTests/Info.plist;
				LD_RUNPATH_SEARCH_PATHS = (
					"$(inherited)",
					"@executable_path/Frameworks",
					"@loader_path/Frameworks",
				);
				PRODUCT_BUNDLE_IDENTIFIER = "com.mobulous-DRNow.TwitterDemoTests";
				PRODUCT_NAME = "$(TARGET_NAME)";
				SWIFT_VERSION = 5.0;
				TARGETED_DEVICE_FAMILY = "1,2";
				TEST_HOST = "$(BUILT_PRODUCTS_DIR)/TwitterDemo.app/TwitterDemo";
			};
			name = Release;
		};
		4F05CD2723A386D700CE3752 /* Debug */ = {
			isa = XCBuildConfiguration;
			baseConfigurationReference = EF3F34E21E99C16DB989CC7E /* Pods-TwitterDemoUITests.debug.xcconfig */;
			buildSettings = {
				ALWAYS_EMBED_SWIFT_STANDARD_LIBRARIES = YES;
				CODE_SIGN_STYLE = Automatic;
				INFOPLIST_FILE = TwitterDemoUITests/Info.plist;
				LD_RUNPATH_SEARCH_PATHS = (
					"$(inherited)",
					"@executable_path/Frameworks",
					"@loader_path/Frameworks",
				);
				PRODUCT_BUNDLE_IDENTIFIER = "com.mobulous-DRNow.TwitterDemoUITests";
				PRODUCT_NAME = "$(TARGET_NAME)";
				SWIFT_VERSION = 5.0;
				TARGETED_DEVICE_FAMILY = "1,2";
				TEST_TARGET_NAME = TwitterDemo;
			};
			name = Debug;
		};
		4F05CD2823A386D700CE3752 /* Release */ = {
			isa = XCBuildConfiguration;
			baseConfigurationReference = 844C1514D6281648618870F2 /* Pods-TwitterDemoUITests.release.xcconfig */;
			buildSettings = {
				ALWAYS_EMBED_SWIFT_STANDARD_LIBRARIES = YES;
				CODE_SIGN_STYLE = Automatic;
				INFOPLIST_FILE = TwitterDemoUITests/Info.plist;
				LD_RUNPATH_SEARCH_PATHS = (
					"$(inherited)",
					"@executable_path/Frameworks",
					"@loader_path/Frameworks",
				);
				PRODUCT_BUNDLE_IDENTIFIER = "com.mobulous-DRNow.TwitterDemoUITests";
				PRODUCT_NAME = "$(TARGET_NAME)";
				SWIFT_VERSION = 5.0;
				TARGETED_DEVICE_FAMILY = "1,2";
				TEST_TARGET_NAME = TwitterDemo;
			};
			name = Release;
		};
/* End XCBuildConfiguration section */

/* Begin XCConfigurationList section */
		4F05CCF323A386D100CE3752 /* Build configuration list for PBXProject "TwitterDemo" */ = {
			isa = XCConfigurationList;
			buildConfigurations = (
				4F05CD1E23A386D700CE3752 /* Debug */,
				4F05CD1F23A386D700CE3752 /* Release */,
			);
			defaultConfigurationIsVisible = 0;
			defaultConfigurationName = Release;
		};
		4F05CD2023A386D700CE3752 /* Build configuration list for PBXNativeTarget "TwitterDemo" */ = {
			isa = XCConfigurationList;
			buildConfigurations = (
				4F05CD2123A386D700CE3752 /* Debug */,
				4F05CD2223A386D700CE3752 /* Release */,
			);
			defaultConfigurationIsVisible = 0;
			defaultConfigurationName = Release;
		};
		4F05CD2323A386D700CE3752 /* Build configuration list for PBXNativeTarget "TwitterDemoTests" */ = {
			isa = XCConfigurationList;
			buildConfigurations = (
				4F05CD2423A386D700CE3752 /* Debug */,
				4F05CD2523A386D700CE3752 /* Release */,
			);
			defaultConfigurationIsVisible = 0;
			defaultConfigurationName = Release;
		};
		4F05CD2623A386D700CE3752 /* Build configuration list for PBXNativeTarget "TwitterDemoUITests" */ = {
			isa = XCConfigurationList;
			buildConfigurations = (
				4F05CD2723A386D700CE3752 /* Debug */,
				4F05CD2823A386D700CE3752 /* Release */,
			);
			defaultConfigurationIsVisible = 0;
			defaultConfigurationName = Release;
		};
/* End XCConfigurationList section */
	};
	rootObject = 4F05CCF023A386D100CE3752 /* Project object */;
}
